
Microsoft Visual Studio Solution File, Format Version 12.00
# Visual Studio Version 17
VisualStudioVersion = 17.12.35707.178
MinimumVisualStudioVersion = 10.0.40219.1
Project("{FAE04EC0-301F-11D3-BF4B-00C04F79EFBC}") = "Neolution.Extensions.Configuration.GoogleSecrets", "GoogleSecrets\Neolution.Extensions.Configuration.GoogleSecrets.csproj", "{C7B9C660-1ABC-4DAE-B7C3-DB18810D3794}"
EndProject
Project("{FAE04EC0-301F-11D3-BF4B-00C04F79EFBC}") = "Neolution.Extensions.Configuration.GoogleSecrets.AspNetCore", "Neolution.Extensions.Configuration.GoogleSecrets.AspNetCore\Neolution.Extensions.Configuration.GoogleSecrets.AspNetCore.csproj", "{19D5426C-AF24-4CE1-9BD3-BEE2B77DD56B}"
EndProject
Project("{2150E333-8FDC-42A3-9474-1A3956D46DE8}") = "Solution Items", "Solution Items", "{1A2F8802-860F-46EC-AE98-50D47A74FA91}"
	ProjectSection(SolutionItems) = preProject
		CHANGELOG.md = CHANGELOG.md
		.github\workflows\ci.yml = .github\workflows\ci.yml
		.github\workflows\create-release.yml = .github\workflows\create-release.yml
		README.md = README.md
	EndProjectSection
EndProject
Global
	GlobalSection(SolutionConfigurationPlatforms) = preSolution
		Debug|Any CPU = Debug|Any CPU
		Release|Any CPU = Release|Any CPU
	EndGlobalSection
	GlobalSection(ProjectConfigurationPlatforms) = postSolution
		{C7B9C660-1ABC-4DAE-B7C3-DB18810D3794}.Debug|Any CPU.ActiveCfg = Debug|Any CPU
		{C7B9C660-1ABC-4DAE-B7C3-DB18810D3794}.Debug|Any CPU.Build.0 = Debug|Any CPU
		{C7B9C660-1ABC-4DAE-B7C3-DB18810D3794}.Release|Any CPU.ActiveCfg = Release|Any CPU
		{C7B9C660-1ABC-4DAE-B7C3-DB18810D3794}.Release|Any CPU.Build.0 = Release|Any CPU
		{19D5426C-AF24-4CE1-9BD3-BEE2B77DD56B}.Debug|Any CPU.ActiveCfg = Debug|Any CPU
		{19D5426C-AF24-4CE1-9BD3-BEE2B77DD56B}.Debug|Any CPU.Build.0 = Debug|Any CPU
		{19D5426C-AF24-4CE1-9BD3-BEE2B77DD56B}.Release|Any CPU.ActiveCfg = Release|Any CPU
		{19D5426C-AF24-4CE1-9BD3-BEE2B77DD56B}.Release|Any CPU.Build.0 = Release|Any CPU
	EndGlobalSection
	GlobalSection(SolutionProperties) = preSolution
		HideSolutionNode = FALSE
	EndGlobalSection
	GlobalSection(ExtensibilityGlobals) = postSolution
		SolutionGuid = {42F5F9A3-C6A3-414F-99A2-BC25926F751B}
	EndGlobalSection
EndGlobal
